# This file was autogenerated by Stack.
# You should not edit this file by hand.
# For more information, please see the documentation at:
#   https://docs.haskellstack.org/en/stable/lock_files

packages:
- completed:
    hackage: buffer-builder-0.2.4.3@sha256:959e159ece20294183d3c83acdf20114d4e744d7e88ec144424a014849acbb14,5141
    pantry-tree:
      size: 1158
      sha256: 0e9450d448bd7022f3ad0820b719df0cf6c25d7226b97b0c828594f698ae3df4
  original:
    hackage: buffer-builder-0.2.4.3
snapshots:
- completed:
    size: 586110
    url: https://raw.githubusercontent.com/commercialhaskell/stackage-snapshots/master/lts/18/21.yaml
    sha256: ce4fb8d44f3c6c6032060a02e0ebb1bd29937c9a70101c1517b92a87d9515160
  original:
    url: https://raw.githubusercontent.com/commercialhaskell/stackage-snapshots/master/lts/18/21.yaml
